
Microsoft Visual Studio Solution File, Format Version 11.00
# Visual Studio 2010
Project("{FAE04EC0-301F-11D3-BF4B-00C04F79EFBC}") = "ShipInspector-master", "Assembly-CSharp.csproj", "{2EACC76A-9E44-68E9-7096-BFE6E107132E}"
EndProject
Project("{FAE04EC0-301F-11D3-BF4B-00C04F79EFBC}") = "ShipInspector-master", "Assembly-CSharp-Editor.csproj", "{3FBF3E04-4972-9730-0801-18D0DC47CE3A}"
EndProject
Global
	GlobalSection(SolutionConfigurationPlatforms) = preSolution
		Debug|Any CPU = Debug|Any CPU
		Release|Any CPU = Release|Any CPU
	EndGlobalSection
	GlobalSection(ProjectConfigurationPlatforms) = postSolution
		{2EACC76A-9E44-68E9-7096-BFE6E107132E}.Debug|Any CPU.ActiveCfg = Debug|Any CPU
		{2EACC76A-9E44-68E9-7096-BFE6E107132E}.Debug|Any CPU.Build.0 = Debug|Any CPU
		{2EACC76A-9E44-68E9-7096-BFE6E107132E}.Release|Any CPU.ActiveCfg = Release|Any CPU
		{2EACC76A-9E44-68E9-7096-BFE6E107132E}.Release|Any CPU.Build.0 = Release|Any CPU
		{3FBF3E04-4972-9730-0801-18D0DC47CE3A}.Debug|Any CPU.ActiveCfg = Debug|Any CPU
		{3FBF3E04-4972-9730-0801-18D0DC47CE3A}.Debug|Any CPU.Build.0 = Debug|Any CPU
		{3FBF3E04-4972-9730-0801-18D0DC47CE3A}.Release|Any CPU.ActiveCfg = Release|Any CPU
		{3FBF3E04-4972-9730-0801-18D0DC47CE3A}.Release|Any CPU.Build.0 = Release|Any CPU
	EndGlobalSection
	GlobalSection(SolutionProperties) = preSolution
		HideSolutionNode = FALSE
	EndGlobalSection
	GlobalSection(MonoDevelopProperties) = preSolution
		StartupItem = Assembly-CSharp.csproj
	EndGlobalSection
EndGlobal
